
Microsoft Visual Studio Solution File, Format Version 12.00
# Visual Studio Version 17
VisualStudioVersion = 17.13.35825.156
MinimumVisualStudioVersion = 10.0.40219.1
Project("{FAE04EC0-301F-11D3-BF4B-00C04F79EFBC}") = "SmartVendApp", "SmartVendApp\SmartVendApp.csproj", "{C7103157-BA4E-4928-9B9E-6946DD2EFD35}"
EndProject
Project("{FAE04EC0-301F-11D3-BF4B-00C04F79EFBC}") = "RestAPIVend", "RestAPIVend\RestAPIVend.csproj", "{1005EE85-6369-4EF4-B50D-4A536F42B03D}"
EndProject
Global
	GlobalSection(SolutionConfigurationPlatforms) = preSolution
		Debug|ARM = Debug|ARM
		Debug|x64 = Debug|x64
		Debug|x86 = Debug|x86
		Release|ARM = Release|ARM
		Release|x64 = Release|x64
		Release|x86 = Release|x86
	EndGlobalSection
	GlobalSection(ProjectConfigurationPlatforms) = postSolution
		{C7103157-BA4E-4928-9B9E-6946DD2EFD35}.Debug|ARM.ActiveCfg = Debug|Any CPU
		{C7103157-BA4E-4928-9B9E-6946DD2EFD35}.Debug|ARM.Build.0 = Debug|Any CPU
		{C7103157-BA4E-4928-9B9E-6946DD2EFD35}.Debug|ARM.Deploy.0 = Debug|Any CPU
		{C7103157-BA4E-4928-9B9E-6946DD2EFD35}.Debug|x64.ActiveCfg = Debug|Any CPU
		{C7103157-BA4E-4928-9B9E-6946DD2EFD35}.Debug|x64.Build.0 = Debug|Any CPU
		{C7103157-BA4E-4928-9B9E-6946DD2EFD35}.Debug|x64.Deploy.0 = Debug|Any CPU
		{C7103157-BA4E-4928-9B9E-6946DD2EFD35}.Debug|x86.ActiveCfg = Debug|Any CPU
		{C7103157-BA4E-4928-9B9E-6946DD2EFD35}.Debug|x86.Build.0 = Debug|Any CPU
		{C7103157-BA4E-4928-9B9E-6946DD2EFD35}.Debug|x86.Deploy.0 = Debug|Any CPU
		{C7103157-BA4E-4928-9B9E-6946DD2EFD35}.Release|ARM.ActiveCfg = Release|Any CPU
		{C7103157-BA4E-4928-9B9E-6946DD2EFD35}.Release|ARM.Build.0 = Release|Any CPU
		{C7103157-BA4E-4928-9B9E-6946DD2EFD35}.Release|ARM.Deploy.0 = Release|Any CPU
		{C7103157-BA4E-4928-9B9E-6946DD2EFD35}.Release|x64.ActiveCfg = Release|Any CPU
		{C7103157-BA4E-4928-9B9E-6946DD2EFD35}.Release|x64.Build.0 = Release|Any CPU
		{C7103157-BA4E-4928-9B9E-6946DD2EFD35}.Release|x64.Deploy.0 = Release|Any CPU
		{C7103157-BA4E-4928-9B9E-6946DD2EFD35}.Release|x86.ActiveCfg = Release|Any CPU
		{C7103157-BA4E-4928-9B9E-6946DD2EFD35}.Release|x86.Build.0 = Release|Any CPU
		{C7103157-BA4E-4928-9B9E-6946DD2EFD35}.Release|x86.Deploy.0 = Release|Any CPU
		{1005EE85-6369-4EF4-B50D-4A536F42B03D}.Debug|ARM.ActiveCfg = Debug|Any CPU
		{1005EE85-6369-4EF4-B50D-4A536F42B03D}.Debug|ARM.Build.0 = Debug|Any CPU
		{1005EE85-6369-4EF4-B50D-4A536F42B03D}.Debug|x64.ActiveCfg = Debug|Any CPU
		{1005EE85-6369-4EF4-B50D-4A536F42B03D}.Debug|x64.Build.0 = Debug|Any CPU
		{1005EE85-6369-4EF4-B50D-4A536F42B03D}.Debug|x86.ActiveCfg = Debug|Any CPU
		{1005EE85-6369-4EF4-B50D-4A536F42B03D}.Debug|x86.Build.0 = Debug|Any CPU
		{1005EE85-6369-4EF4-B50D-4A536F42B03D}.Release|ARM.ActiveCfg = Release|Any CPU
		{1005EE85-6369-4EF4-B50D-4A536F42B03D}.Release|ARM.Build.0 = Release|Any CPU
		{1005EE85-6369-4EF4-B50D-4A536F42B03D}.Release|x64.ActiveCfg = Release|Any CPU
		{1005EE85-6369-4EF4-B50D-4A536F42B03D}.Release|x64.Build.0 = Release|Any CPU
		{1005EE85-6369-4EF4-B50D-4A536F42B03D}.Release|x86.ActiveCfg = Release|Any CPU
		{1005EE85-6369-4EF4-B50D-4A536F42B03D}.Release|x86.Build.0 = Release|Any CPU
	EndGlobalSection
	GlobalSection(SolutionProperties) = preSolution
		HideSolutionNode = FALSE
	EndGlobalSection
	GlobalSection(ExtensibilityGlobals) = postSolution
		SolutionGuid = {FD140982-3B3E-4AAD-91E8-9F60ACF43EF5}
	EndGlobalSection
EndGlobal
